
Microsoft Visual Studio Solution File, Format Version 12.00
# Visual Studio Version 16
VisualStudioVersion = 16.0.31613.86
MinimumVisualStudioVersion = 10.0.40219.1
Project("{9A19103F-16F7-4668-BE54-9A1E7A4F7556}") = "PasigSystem.Server", "Server\PasigSystem.Server.csproj", "{1AA3308A-9AC7-4647-BD04-54E11E87E44E}"
EndProject
Project("{9A19103F-16F7-4668-BE54-9A1E7A4F7556}") = "PasigSystem.Client", "Client\PasigSystem.Client.csproj", "{CFBD2755-08FF-40A6-ABDA-C42490F4528B}"
EndProject
Project("{9A19103F-16F7-4668-BE54-9A1E7A4F7556}") = "PasigSystem.Shared", "Shared\PasigSystem.Shared.csproj", "{1BA0262E-8EC9-4DA5-BD21-7C99EA8A5877}"
EndProject
Project("{00D1A9C2-B5F0-4AF3-8072-F6C62B433612}") = "PasigSystem.Database", "PasigSystem.Database\PasigSystem.Database.sqlproj", "{480E72CD-1000-4F12-A88A-9872222A3516}"
EndProject
Global
	GlobalSection(SolutionConfigurationPlatforms) = preSolution
		Debug|Any CPU = Debug|Any CPU
		Release|Any CPU = Release|Any CPU
	EndGlobalSection
	GlobalSection(ProjectConfigurationPlatforms) = postSolution
		{1AA3308A-9AC7-4647-BD04-54E11E87E44E}.Debug|Any CPU.ActiveCfg = Debug|Any CPU
		{1AA3308A-9AC7-4647-BD04-54E11E87E44E}.Debug|Any CPU.Build.0 = Debug|Any CPU
		{1AA3308A-9AC7-4647-BD04-54E11E87E44E}.Release|Any CPU.ActiveCfg = Release|Any CPU
		{1AA3308A-9AC7-4647-BD04-54E11E87E44E}.Release|Any CPU.Build.0 = Release|Any CPU
		{CFBD2755-08FF-40A6-ABDA-C42490F4528B}.Debug|Any CPU.ActiveCfg = Debug|Any CPU
		{CFBD2755-08FF-40A6-ABDA-C42490F4528B}.Debug|Any CPU.Build.0 = Debug|Any CPU
		{CFBD2755-08FF-40A6-ABDA-C42490F4528B}.Release|Any CPU.ActiveCfg = Release|Any CPU
		{CFBD2755-08FF-40A6-ABDA-C42490F4528B}.Release|Any CPU.Build.0 = Release|Any CPU
		{1BA0262E-8EC9-4DA5-BD21-7C99EA8A5877}.Debug|Any CPU.ActiveCfg = Debug|Any CPU
		{1BA0262E-8EC9-4DA5-BD21-7C99EA8A5877}.Debug|Any CPU.Build.0 = Debug|Any CPU
		{1BA0262E-8EC9-4DA5-BD21-7C99EA8A5877}.Release|Any CPU.ActiveCfg = Release|Any CPU
		{1BA0262E-8EC9-4DA5-BD21-7C99EA8A5877}.Release|Any CPU.Build.0 = Release|Any CPU
		{480E72CD-1000-4F12-A88A-9872222A3516}.Debug|Any CPU.ActiveCfg = Debug|Any CPU
		{480E72CD-1000-4F12-A88A-9872222A3516}.Debug|Any CPU.Build.0 = Debug|Any CPU
		{480E72CD-1000-4F12-A88A-9872222A3516}.Debug|Any CPU.Deploy.0 = Debug|Any CPU
		{480E72CD-1000-4F12-A88A-9872222A3516}.Release|Any CPU.ActiveCfg = Release|Any CPU
		{480E72CD-1000-4F12-A88A-9872222A3516}.Release|Any CPU.Build.0 = Release|Any CPU
		{480E72CD-1000-4F12-A88A-9872222A3516}.Release|Any CPU.Deploy.0 = Release|Any CPU
	EndGlobalSection
	GlobalSection(SolutionProperties) = preSolution
		HideSolutionNode = FALSE
	EndGlobalSection
	GlobalSection(ExtensibilityGlobals) = postSolution
		SolutionGuid = {678F9890-9064-4A9F-B6C9-E295F73D9E3F}
	EndGlobalSection
EndGlobal
